
Microsoft Visual Studio Solution File, Format Version 12.00
# Visual Studio 2013
Project("{FAE04EC0-301F-11D3-BF4B-00C04F79EFBC}") = "UnityVS.Arena-Shooter.CSharp", "UnityVS.Arena-Shooter.CSharp.csproj", "{A483FF99-A9D2-E801-2CD4-C193F8D6D2AD}"
EndProject
Global
	GlobalSection(SolutionConfigurationPlatforms) = preSolution
		Debug|Any CPU = Debug|Any CPU
		Release|Any CPU = Release|Any CPU
	EndGlobalSection
	GlobalSection(ProjectConfigurationPlatforms) = postSolution
		{A483FF99-A9D2-E801-2CD4-C193F8D6D2AD}.Debug|Any CPU.ActiveCfg = Debug|Any CPU
		{A483FF99-A9D2-E801-2CD4-C193F8D6D2AD}.Debug|Any CPU.Build.0 = Debug|Any CPU
		{A483FF99-A9D2-E801-2CD4-C193F8D6D2AD}.Release|Any CPU.ActiveCfg = Release|Any CPU
		{A483FF99-A9D2-E801-2CD4-C193F8D6D2AD}.Release|Any CPU.Build.0 = Release|Any CPU
	EndGlobalSection
	GlobalSection(SolutionProperties) = preSolution
		HideSolutionNode = FALSE
	EndGlobalSection
EndGlobal
